
Microsoft Visual Studio Solution File, Format Version 12.00
# Visual Studio Version 17
VisualStudioVersion = 17.3.32825.248
MinimumVisualStudioVersion = 10.0.40219.1
Project("{8BC9CEB8-8B4A-11D0-8D11-00A0C91BC942}") = "FreeMacter", "FreeMacter.vcxproj", "{5BCE6334-63DA-49C8-AAA3-45EB385C4112}"
EndProject
Global
	GlobalSection(SolutionConfigurationPlatforms) = preSolution
		Debug|ARM = Debug|ARM
		Debug|ARM64 = Debug|ARM64
		Debug|x64 = Debug|x64
		Debug|x86 = Debug|x86
		Release|ARM = Release|ARM
		Release|ARM64 = Release|ARM64
		Release|x64 = Release|x64
		Release|x86 = Release|x86
	EndGlobalSection
	GlobalSection(ProjectConfigurationPlatforms) = postSolution
		{5BCE6334-63DA-49C8-AAA3-45EB385C4112}.Debug|ARM.ActiveCfg = Debug|ARM
		{5BCE6334-63DA-49C8-AAA3-45EB385C4112}.Debug|ARM.Build.0 = Debug|ARM
		{5BCE6334-63DA-49C8-AAA3-45EB385C4112}.Debug|ARM.Deploy.0 = Debug|ARM
		{5BCE6334-63DA-49C8-AAA3-45EB385C4112}.Debug|ARM64.ActiveCfg = Debug|ARM64
		{5BCE6334-63DA-49C8-AAA3-45EB385C4112}.Debug|ARM64.Build.0 = Debug|ARM64
		{5BCE6334-63DA-49C8-AAA3-45EB385C4112}.Debug|ARM64.Deploy.0 = Debug|ARM64
		{5BCE6334-63DA-49C8-AAA3-45EB385C4112}.Debug|x64.ActiveCfg = Debug|x64
		{5BCE6334-63DA-49C8-AAA3-45EB385C4112}.Debug|x64.Build.0 = Debug|x64
		{5BCE6334-63DA-49C8-AAA3-45EB385C4112}.Debug|x64.Deploy.0 = Debug|x64
		{5BCE6334-63DA-49C8-AAA3-45EB385C4112}.Debug|x86.ActiveCfg = Debug|x86
		{5BCE6334-63DA-49C8-AAA3-45EB385C4112}.Debug|x86.Build.0 = Debug|x86
		{5BCE6334-63DA-49C8-AAA3-45EB385C4112}.Debug|x86.Deploy.0 = Debug|x86
		{5BCE6334-63DA-49C8-AAA3-45EB385C4112}.Release|ARM.ActiveCfg = Release|ARM
		{5BCE6334-63DA-49C8-AAA3-45EB385C4112}.Release|ARM.Build.0 = Release|ARM
		{5BCE6334-63DA-49C8-AAA3-45EB385C4112}.Release|ARM.Deploy.0 = Release|ARM
		{5BCE6334-63DA-49C8-AAA3-45EB385C4112}.Release|ARM64.ActiveCfg = Release|ARM64
		{5BCE6334-63DA-49C8-AAA3-45EB385C4112}.Release|ARM64.Build.0 = Release|ARM64
		{5BCE6334-63DA-49C8-AAA3-45EB385C4112}.Release|ARM64.Deploy.0 = Release|ARM64
		{5BCE6334-63DA-49C8-AAA3-45EB385C4112}.Release|x64.ActiveCfg = Release|x64
		{5BCE6334-63DA-49C8-AAA3-45EB385C4112}.Release|x64.Build.0 = Release|x64
		{5BCE6334-63DA-49C8-AAA3-45EB385C4112}.Release|x64.Deploy.0 = Release|x64
		{5BCE6334-63DA-49C8-AAA3-45EB385C4112}.Release|x86.ActiveCfg = Release|x86
		{5BCE6334-63DA-49C8-AAA3-45EB385C4112}.Release|x86.Build.0 = Release|x86
		{5BCE6334-63DA-49C8-AAA3-45EB385C4112}.Release|x86.Deploy.0 = Release|x86
	EndGlobalSection
	GlobalSection(SolutionProperties) = preSolution
		HideSolutionNode = FALSE
	EndGlobalSection
	GlobalSection(ExtensibilityGlobals) = postSolution
		SolutionGuid = {3B4DFDCA-DA11-4CB5-B22C-276BE854C042}
	EndGlobalSection
EndGlobal
